
Microsoft Visual Studio Solution File, Format Version 12.00
# Visual Studio Version 17
VisualStudioVersion = 17.6.33815.320
MinimumVisualStudioVersion = 10.0.40219.1
Project("{9A19103F-16F7-4668-BE54-9A1E7A4F7556}") = "ElvUI-Updater.Main", "ElvUI-Updater.Main\ElvUI-Updater.Main.csproj", "{63D7F70A-15BD-4D1E-B404-D4E5C70971D3}"
EndProject
Project("{9A19103F-16F7-4668-BE54-9A1E7A4F7556}") = "WPF", "WPF\WPF.csproj", "{773CBE63-7DB1-44D3-9BC2-9389B6B7B16C}"
EndProject
Global
	GlobalSection(SolutionConfigurationPlatforms) = preSolution
		Debug|Any CPU = Debug|Any CPU
		Debug|x64 = Debug|x64
		Debug|x86 = Debug|x86
		Release|Any CPU = Release|Any CPU
		Release|x64 = Release|x64
		Release|x86 = Release|x86
	EndGlobalSection
	GlobalSection(ProjectConfigurationPlatforms) = postSolution
		{63D7F70A-15BD-4D1E-B404-D4E5C70971D3}.Debug|Any CPU.ActiveCfg = Debug|Any CPU
		{63D7F70A-15BD-4D1E-B404-D4E5C70971D3}.Debug|Any CPU.Build.0 = Debug|Any CPU
		{63D7F70A-15BD-4D1E-B404-D4E5C70971D3}.Debug|x64.ActiveCfg = Debug|Any CPU
		{63D7F70A-15BD-4D1E-B404-D4E5C70971D3}.Debug|x64.Build.0 = Debug|Any CPU
		{63D7F70A-15BD-4D1E-B404-D4E5C70971D3}.Debug|x86.ActiveCfg = Debug|Any CPU
		{63D7F70A-15BD-4D1E-B404-D4E5C70971D3}.Debug|x86.Build.0 = Debug|Any CPU
		{63D7F70A-15BD-4D1E-B404-D4E5C70971D3}.Release|Any CPU.ActiveCfg = Release|Any CPU
		{63D7F70A-15BD-4D1E-B404-D4E5C70971D3}.Release|Any CPU.Build.0 = Release|Any CPU
		{63D7F70A-15BD-4D1E-B404-D4E5C70971D3}.Release|x64.ActiveCfg = Release|Any CPU
		{63D7F70A-15BD-4D1E-B404-D4E5C70971D3}.Release|x64.Build.0 = Release|Any CPU
		{63D7F70A-15BD-4D1E-B404-D4E5C70971D3}.Release|x86.ActiveCfg = Release|Any CPU
		{63D7F70A-15BD-4D1E-B404-D4E5C70971D3}.Release|x86.Build.0 = Release|Any CPU
		{773CBE63-7DB1-44D3-9BC2-9389B6B7B16C}.Debug|Any CPU.ActiveCfg = Debug|Any CPU
		{773CBE63-7DB1-44D3-9BC2-9389B6B7B16C}.Debug|Any CPU.Build.0 = Debug|Any CPU
		{773CBE63-7DB1-44D3-9BC2-9389B6B7B16C}.Debug|x64.ActiveCfg = Debug|Any CPU
		{773CBE63-7DB1-44D3-9BC2-9389B6B7B16C}.Debug|x64.Build.0 = Debug|Any CPU
		{773CBE63-7DB1-44D3-9BC2-9389B6B7B16C}.Debug|x86.ActiveCfg = Debug|Any CPU
		{773CBE63-7DB1-44D3-9BC2-9389B6B7B16C}.Debug|x86.Build.0 = Debug|Any CPU
		{773CBE63-7DB1-44D3-9BC2-9389B6B7B16C}.Release|Any CPU.ActiveCfg = Release|Any CPU
		{773CBE63-7DB1-44D3-9BC2-9389B6B7B16C}.Release|Any CPU.Build.0 = Release|Any CPU
		{773CBE63-7DB1-44D3-9BC2-9389B6B7B16C}.Release|x64.ActiveCfg = Release|Any CPU
		{773CBE63-7DB1-44D3-9BC2-9389B6B7B16C}.Release|x64.Build.0 = Release|Any CPU
		{773CBE63-7DB1-44D3-9BC2-9389B6B7B16C}.Release|x86.ActiveCfg = Release|Any CPU
		{773CBE63-7DB1-44D3-9BC2-9389B6B7B16C}.Release|x86.Build.0 = Release|Any CPU
	EndGlobalSection
	GlobalSection(SolutionProperties) = preSolution
		HideSolutionNode = FALSE
	EndGlobalSection
	GlobalSection(ExtensibilityGlobals) = postSolution
		SolutionGuid = {1325D434-4B5C-4A1F-A944-54E2C2DFA544}
	EndGlobalSection
EndGlobal
